schema: '2.0'
stages:
  preprocess:
    cmd: python src/stages/preprocess.py
    deps:
    - path: data/cluster-trace-v2026-GenAI/pod_gpu_duty_cycle_anon.csv
      hash: md5
      md5: cb760855e5f6606280d8422becfba78a
      size: 8400464
    - path: data/cluster-trace-v2026-GenAI/qps.csv
      hash: md5
      md5: 2048f460cb12d735e4595197f7dbde98
      size: 2066880
    - path: src/stages/preprocess.py
      hash: md5
      md5: 23bd272c326f2009c7b497f82077b9f5
      size: 4390
    params:
      params.yaml:
        preprocess.agg_window: 5min
        preprocess.output_dir: data/processed
        preprocess.raw_gpu_path: 
          data/cluster-trace-v2026-GenAI/pod_gpu_duty_cycle_anon.csv
        preprocess.raw_qps_path: data/cluster-trace-v2026-GenAI/qps.csv
    outs:
    - path: data/processed/features_target.csv
      hash: md5
      md5: c6c2e6669e39d0f2bef7a78bb0845dd0
      size: 1430519
  split:
    cmd: python src/stages/split.py
    deps:
    - path: data/processed/features_target.csv
      hash: md5
      md5: c6c2e6669e39d0f2bef7a78bb0845dd0
      size: 1430519
    - path: src/stages/split.py
      hash: md5
      md5: 5bd442d398e6087901583318af1362a0
      size: 2978
    params:
      params.yaml:
        split.input_path: data/processed/features_target.csv
        split.output_dir: data/processed
        split.test_size: 0.2
    outs:
    - path: data/processed/test.csv
      hash: md5
      md5: ab3d045961a31b24822c7180def55739
      size: 27266
    - path: data/processed/train.csv
      hash: md5
      md5: ff6b0552a9daa0e0d393c7b16c5b9f38
      size: 1359113
